
Microsoft Visual Studio Solution File, Format Version 12.00
# Visual Studio Version 17
VisualStudioVersion = 17.5.002.0
MinimumVisualStudioVersion = 10.0.40219.1
Project("{9A19103F-16F7-4668-BE54-9A1E7A4F7556}") = "Locadora_JEM_20", "Locadora_JEM_20.csproj", "{4DFBF4C8-8BC1-42E9-9DB9-97369558C688}"
EndProject
Global
	GlobalSection(SolutionConfigurationPlatforms) = preSolution
		Debug|Any CPU = Debug|Any CPU
		Release|Any CPU = Release|Any CPU
	EndGlobalSection
	GlobalSection(ProjectConfigurationPlatforms) = postSolution
		{4DFBF4C8-8BC1-42E9-9DB9-97369558C688}.Debug|Any CPU.ActiveCfg = Debug|Any CPU
		{4DFBF4C8-8BC1-42E9-9DB9-97369558C688}.Debug|Any CPU.Build.0 = Debug|Any CPU
		{4DFBF4C8-8BC1-42E9-9DB9-97369558C688}.Release|Any CPU.ActiveCfg = Release|Any CPU
		{4DFBF4C8-8BC1-42E9-9DB9-97369558C688}.Release|Any CPU.Build.0 = Release|Any CPU
	EndGlobalSection
	GlobalSection(SolutionProperties) = preSolution
		HideSolutionNode = FALSE
	EndGlobalSection
	GlobalSection(ExtensibilityGlobals) = postSolution
		SolutionGuid = {FA7D5378-1BDF-4E8D-8F6F-2E9ADCC509D1}
	EndGlobalSection
EndGlobal
